# generated by rye
# use `rye lock` or `rye sync` to update this lockfile
#
# last locked with the following flags:
#   pre: false
#   features: []
#   all-features: false
#   with-sources: false

cairocffi==1.6.1
    # via qtile
cffi==1.16.0
    # via cairocffi
    # via qtile
    # via xcffib
pycparser==2.21
    # via cffi
qtile==0.24.0
xcffib==1.5.0
    # via cairocffi
    # via qtile
